// !$*UTF8*$!
{
	archiveVersion = 1;
	classes = {
	};
	objectVersion = 56;
	objects = {

/* Begin PBXBuildFile section */
		5F3EAE192C7E182400FF15E5 /* LoginView.swift in Sources */ = {isa = PBXBuildFile; fileRef = 5F3EAE182C7E182400FF15E5 /* LoginView.swift */; };
		5F3EAE1C2C7E1CC200FF15E5 /* LoginVC.swift in Sources */ = {isa = PBXBuildFile; fileRef = 5F3EAE1B2C7E1CC200FF15E5 /* LoginVC.swift */; };
		5F3EAE4A2C7EF73500FF15E5 /* FirebaseAnalytics in Frameworks */ = {isa = PBXBuildFile; productRef = 5F3EAE492C7EF73500FF15E5 /* FirebaseAnalytics */; };
		5F3EAE4C2C7EF73500FF15E5 /* FirebaseAuth in Frameworks */ = {isa = PBXBuildFile; productRef = 5F3EAE4B2C7EF73500FF15E5 /* FirebaseAuth */; };
		5F3EAE4E2C7EF73500FF15E5 /* FirebaseFirestore in Frameworks */ = {isa = PBXBuildFile; productRef = 5F3EAE4D2C7EF73500FF15E5 /* FirebaseFirestore */; };
		5F3EAE502C7EF73500FF15E5 /* FirebaseFunctions in Frameworks */ = {isa = PBXBuildFile; productRef = 5F3EAE4F2C7EF73500FF15E5 /* FirebaseFunctions */; };
		5F3EAE522C7EF73500FF15E5 /* FirebaseStorage in Frameworks */ = {isa = PBXBuildFile; productRef = 5F3EAE512C7EF73500FF15E5 /* FirebaseStorage */; };
		5F3EAE562C7EFAFA00FF15E5 /* SignUpView.swift in Sources */ = {isa = PBXBuildFile; fileRef = 5F3EAE552C7EFAFA00FF15E5 /* SignUpView.swift */; };
		740350572C773E9B00122B2E /* AppDelegate.swift in Sources */ = {isa = PBXBuildFile; fileRef = 740350562C773E9B00122B2E /* AppDelegate.swift */; };
		740350592C773E9B00122B2E /* SceneDelegate.swift in Sources */ = {isa = PBXBuildFile; fileRef = 740350582C773E9B00122B2E /* SceneDelegate.swift */; };
		7403505B2C773E9B00122B2E /* ViewController.swift in Sources */ = {isa = PBXBuildFile; fileRef = 7403505A2C773E9B00122B2E /* ViewController.swift */; };
		740350612C773E9B00122B2E /* Smssme.xcdatamodeld in Sources */ = {isa = PBXBuildFile; fileRef = 7403505F2C773E9B00122B2E /* Smssme.xcdatamodeld */; };
		740350632C773E9C00122B2E /* Assets.xcassets in Resources */ = {isa = PBXBuildFile; fileRef = 740350622C773E9C00122B2E /* Assets.xcassets */; };
		740350662C773E9C00122B2E /* Base in Resources */ = {isa = PBXBuildFile; fileRef = 740350652C773E9C00122B2E /* Base */; };
		740350722C7740A400122B2E /* Model.swift in Sources */ = {isa = PBXBuildFile; fileRef = 740350712C7740A400122B2E /* Model.swift */; };
		740350762C7740CB00122B2E /* View.swift in Sources */ = {isa = PBXBuildFile; fileRef = 740350752C7740CB00122B2E /* View.swift */; };
		740350A82C7E229100122B2E /* TabBarController.swift in Sources */ = {isa = PBXBuildFile; fileRef = 740350A72C7E229100122B2E /* TabBarController.swift */; };
		E5FBA12C2C7C823C00D26E5F /* UIComponentFactory.swift in Sources */ = {isa = PBXBuildFile; fileRef = E5FBA12B2C7C823C00D26E5F /* UIComponentFactory.swift */; };
		E5FBA1332C7CCCBE00D26E5F /* SnapKit in Frameworks */ = {isa = PBXBuildFile; productRef = E5FBA1322C7CCCBE00D26E5F /* SnapKit */; };
		E5FBA13B2C7E095300D26E5F /* FinancialPlanSelectionVC.swift in Sources */ = {isa = PBXBuildFile; fileRef = E5FBA13A2C7E095300D26E5F /* FinancialPlanSelectionVC.swift */; };
		E5FBA13D2C7E099B00D26E5F /* FinancialPlanCell.swift in Sources */ = {isa = PBXBuildFile; fileRef = E5FBA13C2C7E099B00D26E5F /* FinancialPlanCell.swift */; };
		E5FBA13F2C7E0A0800D26E5F /* FinancialPlanSelectView.swift in Sources */ = {isa = PBXBuildFile; fileRef = E5FBA13E2C7E0A0800D26E5F /* FinancialPlanSelectView.swift */; };
		E5FBA1412C7E0B4600D26E5F /* FinancialPlanCreateVC.swift in Sources */ = {isa = PBXBuildFile; fileRef = E5FBA1402C7E0B4600D26E5F /* FinancialPlanCreateVC.swift */; };
		E5FBA1432C7E0B8B00D26E5F /* FinancialPlanCreateView.swift in Sources */ = {isa = PBXBuildFile; fileRef = E5FBA1422C7E0B8B00D26E5F /* FinancialPlanCreateView.swift */; };
/* End PBXBuildFile section */

/* Begin PBXFileReference section */
		5F3EAE182C7E182400FF15E5 /* LoginView.swift */ = {isa = PBXFileReference; lastKnownFileType = sourcecode.swift; path = LoginView.swift; sourceTree = "<group>"; };
		5F3EAE1B2C7E1CC200FF15E5 /* LoginVC.swift */ = {isa = PBXFileReference; lastKnownFileType = sourcecode.swift; path = LoginVC.swift; sourceTree = "<group>"; };
		5F3EAE542C7EF7E000FF15E5 /* GoogleService-Info.plist */ = {isa = PBXFileReference; lastKnownFileType = text.plist.xml; path = "GoogleService-Info.plist"; sourceTree = "<group>"; };
		5F3EAE552C7EFAFA00FF15E5 /* SignUpView.swift */ = {isa = PBXFileReference; lastKnownFileType = sourcecode.swift; path = SignUpView.swift; sourceTree = "<group>"; };
		740350532C773E9B00122B2E /* Smssme.app */ = {isa = PBXFileReference; explicitFileType = wrapper.application; includeInIndex = 0; path = Smssme.app; sourceTree = BUILT_PRODUCTS_DIR; };
		740350562C773E9B00122B2E /* AppDelegate.swift */ = {isa = PBXFileReference; lastKnownFileType = sourcecode.swift; path = AppDelegate.swift; sourceTree = "<group>"; };
		740350582C773E9B00122B2E /* SceneDelegate.swift */ = {isa = PBXFileReference; lastKnownFileType = sourcecode.swift; path = SceneDelegate.swift; sourceTree = "<group>"; };
		7403505A2C773E9B00122B2E /* ViewController.swift */ = {isa = PBXFileReference; lastKnownFileType = sourcecode.swift; path = ViewController.swift; sourceTree = "<group>"; };
		740350602C773E9B00122B2E /* Smssme.xcdatamodel */ = {isa = PBXFileReference; lastKnownFileType = wrapper.xcdatamodel; path = Smssme.xcdatamodel; sourceTree = "<group>"; };
		740350622C773E9C00122B2E /* Assets.xcassets */ = {isa = PBXFileReference; lastKnownFileType = folder.assetcatalog; path = Assets.xcassets; sourceTree = "<group>"; };
		740350652C773E9C00122B2E /* Base */ = {isa = PBXFileReference; lastKnownFileType = file.storyboard; name = Base; path = Base.lproj/LaunchScreen.storyboard; sourceTree = "<group>"; };
		740350672C773E9C00122B2E /* Info.plist */ = {isa = PBXFileReference; lastKnownFileType = text.plist.xml; path = Info.plist; sourceTree = "<group>"; };
		740350712C7740A400122B2E /* Model.swift */ = {isa = PBXFileReference; lastKnownFileType = sourcecode.swift; path = Model.swift; sourceTree = "<group>"; };
		740350752C7740CB00122B2E /* View.swift */ = {isa = PBXFileReference; lastKnownFileType = sourcecode.swift; path = View.swift; sourceTree = "<group>"; };
		740350A62C7E186600122B2E /* Model.swift */ = {isa = PBXFileReference; lastKnownFileType = sourcecode.swift; path = Model.swift; sourceTree = "<group>"; };
		740350A72C7E229100122B2E /* TabBarController.swift */ = {isa = PBXFileReference; lastKnownFileType = sourcecode.swift; path = TabBarController.swift; sourceTree = "<group>"; };
		E5FBA12B2C7C823C00D26E5F /* UIComponentFactory.swift */ = {isa = PBXFileReference; lastKnownFileType = sourcecode.swift; path = UIComponentFactory.swift; sourceTree = "<group>"; };
		E5FBA13A2C7E095300D26E5F /* FinancialPlanSelectionVC.swift */ = {isa = PBXFileReference; lastKnownFileType = sourcecode.swift; name = FinancialPlanSelectionVC.swift; path = Smssme/Controller/FinancialPlanSelectionVC.swift; sourceTree = SOURCE_ROOT; };
		E5FBA13C2C7E099B00D26E5F /* FinancialPlanCell.swift */ = {isa = PBXFileReference; lastKnownFileType = sourcecode.swift; name = FinancialPlanCell.swift; path = Smssme/View/FinancialPlanCell.swift; sourceTree = SOURCE_ROOT; };
		E5FBA13E2C7E0A0800D26E5F /* FinancialPlanSelectView.swift */ = {isa = PBXFileReference; lastKnownFileType = sourcecode.swift; path = FinancialPlanSelectView.swift; sourceTree = "<group>"; };
		E5FBA1402C7E0B4600D26E5F /* FinancialPlanCreateVC.swift */ = {isa = PBXFileReference; lastKnownFileType = sourcecode.swift; path = FinancialPlanCreateVC.swift; sourceTree = "<group>"; };
		E5FBA1422C7E0B8B00D26E5F /* FinancialPlanCreateView.swift */ = {isa = PBXFileReference; lastKnownFileType = sourcecode.swift; name = FinancialPlanCreateView.swift; path = Smssme/View/FinancialPlanCreateView.swift; sourceTree = SOURCE_ROOT; };
/* End PBXFileReference section */

/* Begin PBXFrameworksBuildPhase section */
		740350502C773E9B00122B2E /* Frameworks */ = {
			isa = PBXFrameworksBuildPhase;
			buildActionMask = 2147483647;
			files = (
				5F3EAE4A2C7EF73500FF15E5 /* FirebaseAnalytics in Frameworks */,
				5F3EAE4E2C7EF73500FF15E5 /* FirebaseFirestore in Frameworks */,
				5F3EAE502C7EF73500FF15E5 /* FirebaseFunctions in Frameworks */,
				5F3EAE4C2C7EF73500FF15E5 /* FirebaseAuth in Frameworks */,
				E5FBA1332C7CCCBE00D26E5F /* SnapKit in Frameworks */,
				5F3EAE522C7EF73500FF15E5 /* FirebaseStorage in Frameworks */,
			);
			runOnlyForDeploymentPostprocessing = 0;
		};
/* End PBXFrameworksBuildPhase section */

/* Begin PBXGroup section */
		5F3EAE172C7E180200FF15E5 /* Login */ = {
			isa = PBXGroup;
			children = (
				5F3EAE182C7E182400FF15E5 /* LoginView.swift */,
				5F3EAE552C7EFAFA00FF15E5 /* SignUpView.swift */,
			);
			path = Login;
			sourceTree = "<group>";
		};
		5F3EAE1A2C7E1AD100FF15E5 /* Login */ = {
			isa = PBXGroup;
			children = (
				5F3EAE1B2C7E1CC200FF15E5 /* LoginVC.swift */,
			);
			path = Login;
			sourceTree = "<group>";
		};
		5F3EAE532C7EF7CD00FF15E5 /* Firebase */ = {
			isa = PBXGroup;
			children = (
				5F3EAE542C7EF7E000FF15E5 /* GoogleService-Info.plist */,
			);
			path = Firebase;
			sourceTree = "<group>";
		};
		7403504A2C773E9B00122B2E = {
			isa = PBXGroup;
			children = (
				740350552C773E9B00122B2E /* Smssme */,
				740350542C773E9B00122B2E /* Products */,
			);
			sourceTree = "<group>";
		};
		740350542C773E9B00122B2E /* Products */ = {
			isa = PBXGroup;
			children = (
				740350532C773E9B00122B2E /* Smssme.app */,
			);
			name = Products;
			sourceTree = "<group>";
		};
		740350552C773E9B00122B2E /* Smssme */ = {
			isa = PBXGroup;
			children = (
				5F3EAE532C7EF7CD00FF15E5 /* Firebase */,
				740350742C7740BE00122B2E /* View */,
				740350732C7740AA00122B2E /* Controller */,
				740350702C77408900122B2E /* Model */,
				7403506D2C77406F00122B2E /* Common */,
				740350562C773E9B00122B2E /* AppDelegate.swift */,
				740350582C773E9B00122B2E /* SceneDelegate.swift */,
				740350622C773E9C00122B2E /* Assets.xcassets */,
				740350642C773E9C00122B2E /* LaunchScreen.storyboard */,
				740350672C773E9C00122B2E /* Info.plist */,
				7403505F2C773E9B00122B2E /* Smssme.xcdatamodeld */,
			);
			path = Smssme;
			sourceTree = "<group>";
		};
		7403506D2C77406F00122B2E /* Common */ = {
			isa = PBXGroup;
			children = (
				740350A62C7E186600122B2E /* Model.swift */,
			);
			path = Common;
			sourceTree = "<group>";
		};
		740350702C77408900122B2E /* Model */ = {
			isa = PBXGroup;
			children = (
				740350712C7740A400122B2E /* Model.swift */,
			);
			path = Model;
			sourceTree = "<group>";
		};
		740350732C7740AA00122B2E /* Controller */ = {
			isa = PBXGroup;
			children = (
				5F3EAE1A2C7E1AD100FF15E5 /* Login */,
				7403505A2C773E9B00122B2E /* ViewController.swift */,
				E5FBA1402C7E0B4600D26E5F /* FinancialPlanCreateVC.swift */,
				E5FBA13A2C7E095300D26E5F /* FinancialPlanSelectionVC.swift */,
				740350A72C7E229100122B2E /* TabBarController.swift */,
			);
			path = Controller;
			sourceTree = "<group>";
		};
		740350742C7740BE00122B2E /* View */ = {
			isa = PBXGroup;
			children = (
				5F3EAE172C7E180200FF15E5 /* Login */,
				740350752C7740CB00122B2E /* View.swift */,
				E5FBA12B2C7C823C00D26E5F /* UIComponentFactory.swift */,
				E5FBA13E2C7E0A0800D26E5F /* FinancialPlanSelectView.swift */,
				E5FBA13C2C7E099B00D26E5F /* FinancialPlanCell.swift */,
				E5FBA1422C7E0B8B00D26E5F /* FinancialPlanCreateView.swift */,
			);
			path = View;
			sourceTree = "<group>";
		};
/* End PBXGroup section */

/* Begin PBXNativeTarget section */
		740350522C773E9B00122B2E /* Smssme */ = {
			isa = PBXNativeTarget;
			buildConfigurationList = 7403506A2C773E9C00122B2E /* Build configuration list for PBXNativeTarget "Smssme" */;
			buildPhases = (
				7403504F2C773E9B00122B2E /* Sources */,
				740350502C773E9B00122B2E /* Frameworks */,
				740350512C773E9B00122B2E /* Resources */,
			);
			buildRules = (
			);
			dependencies = (
			);
			name = Smssme;
			packageProductDependencies = (
				E5FBA1322C7CCCBE00D26E5F /* SnapKit */,
				5F3EAE492C7EF73500FF15E5 /* FirebaseAnalytics */,
				5F3EAE4B2C7EF73500FF15E5 /* FirebaseAuth */,
				5F3EAE4D2C7EF73500FF15E5 /* FirebaseFirestore */,
				5F3EAE4F2C7EF73500FF15E5 /* FirebaseFunctions */,
				5F3EAE512C7EF73500FF15E5 /* FirebaseStorage */,
			);
			productName = Smssme;
			productReference = 740350532C773E9B00122B2E /* Smssme.app */;
			productType = "com.apple.product-type.application";
		};
/* End PBXNativeTarget section */

/* Begin PBXProject section */
		7403504B2C773E9B00122B2E /* Project object */ = {
			isa = PBXProject;
			attributes = {
				BuildIndependentTargetsInParallel = 1;
				LastSwiftUpdateCheck = 1540;
				LastUpgradeCheck = 1540;
				TargetAttributes = {
					740350522C773E9B00122B2E = {
						CreatedOnToolsVersion = 15.4;
					};
				};
			};
			buildConfigurationList = 7403504E2C773E9B00122B2E /* Build configuration list for PBXProject "Smssme" */;
			compatibilityVersion = "Xcode 14.0";
			developmentRegion = en;
			hasScannedForEncodings = 0;
			knownRegions = (
				en,
				Base,
			);
			mainGroup = 7403504A2C773E9B00122B2E;
			packageReferences = (
				E5FBA1312C7CCCBE00D26E5F /* XCRemoteSwiftPackageReference "SnapKit" */,
				5F3EAE482C7EF73400FF15E5 /* XCRemoteSwiftPackageReference "firebase-ios-sdk" */,
			);
			productRefGroup = 740350542C773E9B00122B2E /* Products */;
			projectDirPath = "";
			projectRoot = "";
			targets = (
				740350522C773E9B00122B2E /* Smssme */,
			);
		};
/* End PBXProject section */

/* Begin PBXResourcesBuildPhase section */
		740350512C773E9B00122B2E /* Resources */ = {
			isa = PBXResourcesBuildPhase;
			buildActionMask = 2147483647;
			files = (
				740350632C773E9C00122B2E /* Assets.xcassets in Resources */,
				740350662C773E9C00122B2E /* Base in Resources */,
			);
			runOnlyForDeploymentPostprocessing = 0;
		};
/* End PBXResourcesBuildPhase section */

/* Begin PBXSourcesBuildPhase section */
		7403504F2C773E9B00122B2E /* Sources */ = {
			isa = PBXSourcesBuildPhase;
			buildActionMask = 2147483647;
			files = (
				7403505B2C773E9B00122B2E /* ViewController.swift in Sources */,
				740350A82C7E229100122B2E /* TabBarController.swift in Sources */,
				E5FBA13F2C7E0A0800D26E5F /* FinancialPlanSelectView.swift in Sources */,
				740350572C773E9B00122B2E /* AppDelegate.swift in Sources */,
				740350722C7740A400122B2E /* Model.swift in Sources */,
				740350592C773E9B00122B2E /* SceneDelegate.swift in Sources */,
				E5FBA12C2C7C823C00D26E5F /* UIComponentFactory.swift in Sources */,
				E5FBA1412C7E0B4600D26E5F /* FinancialPlanCreateVC.swift in Sources */,
				5F3EAE192C7E182400FF15E5 /* LoginView.swift in Sources */,
				E5FBA13B2C7E095300D26E5F /* FinancialPlanSelectionVC.swift in Sources */,
				740350762C7740CB00122B2E /* View.swift in Sources */,
				E5FBA1432C7E0B8B00D26E5F /* FinancialPlanCreateView.swift in Sources */,
				5F3EAE562C7EFAFA00FF15E5 /* SignUpView.swift in Sources */,
				E5FBA13D2C7E099B00D26E5F /* FinancialPlanCell.swift in Sources */,
				740350612C773E9B00122B2E /* Smssme.xcdatamodeld in Sources */,
				5F3EAE1C2C7E1CC200FF15E5 /* LoginVC.swift in Sources */,
			);
			runOnlyForDeploymentPostprocessing = 0;
		};
/* End PBXSourcesBuildPhase section */

/* Begin PBXVariantGroup section */
		740350642C773E9C00122B2E /* LaunchScreen.storyboard */ = {
			isa = PBXVariantGroup;
			children = (
				740350652C773E9C00122B2E /* Base */,
			);
			name = LaunchScreen.storyboard;
			sourceTree = "<group>";
		};
/* End PBXVariantGroup section */

/* Begin XCBuildConfiguration section */
		740350682C773E9C00122B2E /* Debug */ = {
			isa = XCBuildConfiguration;
			buildSettings = {
				ALWAYS_SEARCH_USER_PATHS = NO;
				ASSETCATALOG_COMPILER_GENERATE_SWIFT_ASSET_SYMBOL_EXTENSIONS = YES;
				CLANG_ANALYZER_NONNULL = YES;
				CLANG_ANALYZER_NUMBER_OBJECT_CONVERSION = YES_AGGRESSIVE;
				CLANG_CXX_LANGUAGE_STANDARD = "gnu++20";
				CLANG_ENABLE_MODULES = YES;
				CLANG_ENABLE_OBJC_ARC = YES;
				CLANG_ENABLE_OBJC_WEAK = YES;
				CLANG_WARN_BLOCK_CAPTURE_AUTORELEASING = YES;
				CLANG_WARN_BOOL_CONVERSION = YES;
				CLANG_WARN_COMMA = YES;
				CLANG_WARN_CONSTANT_CONVERSION = YES;
				CLANG_WARN_DEPRECATED_OBJC_IMPLEMENTATIONS = YES;
				CLANG_WARN_DIRECT_OBJC_ISA_USAGE = YES_ERROR;
				CLANG_WARN_DOCUMENTATION_COMMENTS = YES;
				CLANG_WARN_EMPTY_BODY = YES;
				CLANG_WARN_ENUM_CONVERSION = YES;
				CLANG_WARN_INFINITE_RECURSION = YES;
				CLANG_WARN_INT_CONVERSION = YES;
				CLANG_WARN_NON_LITERAL_NULL_CONVERSION = YES;
				CLANG_WARN_OBJC_IMPLICIT_RETAIN_SELF = YES;
				CLANG_WARN_OBJC_LITERAL_CONVERSION = YES;
				CLANG_WARN_OBJC_ROOT_CLASS = YES_ERROR;
				CLANG_WARN_QUOTED_INCLUDE_IN_FRAMEWORK_HEADER = YES;
				CLANG_WARN_RANGE_LOOP_ANALYSIS = YES;
				CLANG_WARN_STRICT_PROTOTYPES = YES;
				CLANG_WARN_SUSPICIOUS_MOVE = YES;
				CLANG_WARN_UNGUARDED_AVAILABILITY = YES_AGGRESSIVE;
				CLANG_WARN_UNREACHABLE_CODE = YES;
				CLANG_WARN__DUPLICATE_METHOD_MATCH = YES;
				COPY_PHASE_STRIP = NO;
				DEBUG_INFORMATION_FORMAT = dwarf;
				ENABLE_STRICT_OBJC_MSGSEND = YES;
				ENABLE_TESTABILITY = YES;
				ENABLE_USER_SCRIPT_SANDBOXING = YES;
				GCC_C_LANGUAGE_STANDARD = gnu17;
				GCC_DYNAMIC_NO_PIC = NO;
				GCC_NO_COMMON_BLOCKS = YES;
				GCC_OPTIMIZATION_LEVEL = 0;
				GCC_PREPROCESSOR_DEFINITIONS = (
					"DEBUG=1",
					"$(inherited)",
				);
				GCC_WARN_64_TO_32_BIT_CONVERSION = YES;
				GCC_WARN_ABOUT_RETURN_TYPE = YES_ERROR;
				GCC_WARN_UNDECLARED_SELECTOR = YES;
				GCC_WARN_UNINITIALIZED_AUTOS = YES_AGGRESSIVE;
				GCC_WARN_UNUSED_FUNCTION = YES;
				GCC_WARN_UNUSED_VARIABLE = YES;
				IPHONEOS_DEPLOYMENT_TARGET = 17.5;
				LOCALIZATION_PREFERS_STRING_CATALOGS = YES;
				MTL_ENABLE_DEBUG_INFO = INCLUDE_SOURCE;
				MTL_FAST_MATH = YES;
				ONLY_ACTIVE_ARCH = YES;
				SDKROOT = iphoneos;
				SWIFT_ACTIVE_COMPILATION_CONDITIONS = "DEBUG $(inherited)";
				SWIFT_OPTIMIZATION_LEVEL = "-Onone";
			};
			name = Debug;
		};
		740350692C773E9C00122B2E /* Release */ = {
			isa = XCBuildConfiguration;
			buildSettings = {
				ALWAYS_SEARCH_USER_PATHS = NO;
				ASSETCATALOG_COMPILER_GENERATE_SWIFT_ASSET_SYMBOL_EXTENSIONS = YES;
				CLANG_ANALYZER_NONNULL = YES;
				CLANG_ANALYZER_NUMBER_OBJECT_CONVERSION = YES_AGGRESSIVE;
				CLANG_CXX_LANGUAGE_STANDARD = "gnu++20";
				CLANG_ENABLE_MODULES = YES;
				CLANG_ENABLE_OBJC_ARC = YES;
				CLANG_ENABLE_OBJC_WEAK = YES;
				CLANG_WARN_BLOCK_CAPTURE_AUTORELEASING = YES;
				CLANG_WARN_BOOL_CONVERSION = YES;
				CLANG_WARN_COMMA = YES;
				CLANG_WARN_CONSTANT_CONVERSION = YES;
				CLANG_WARN_DEPRECATED_OBJC_IMPLEMENTATIONS = YES;
				CLANG_WARN_DIRECT_OBJC_ISA_USAGE = YES_ERROR;
				CLANG_WARN_DOCUMENTATION_COMMENTS = YES;
				CLANG_WARN_EMPTY_BODY = YES;
				CLANG_WARN_ENUM_CONVERSION = YES;
				CLANG_WARN_INFINITE_RECURSION = YES;
				CLANG_WARN_INT_CONVERSION = YES;
				CLANG_WARN_NON_LITERAL_NULL_CONVERSION = YES;
				CLANG_WARN_OBJC_IMPLICIT_RETAIN_SELF = YES;
				CLANG_WARN_OBJC_LITERAL_CONVERSION = YES;
				CLANG_WARN_OBJC_ROOT_CLASS = YES_ERROR;
				CLANG_WARN_QUOTED_INCLUDE_IN_FRAMEWORK_HEADER = YES;
				CLANG_WARN_RANGE_LOOP_ANALYSIS = YES;
				CLANG_WARN_STRICT_PROTOTYPES = YES;
				CLANG_WARN_SUSPICIOUS_MOVE = YES;
				CLANG_WARN_UNGUARDED_AVAILABILITY = YES_AGGRESSIVE;
				CLANG_WARN_UNREACHABLE_CODE = YES;
				CLANG_WARN__DUPLICATE_METHOD_MATCH = YES;
				COPY_PHASE_STRIP = NO;
				DEBUG_INFORMATION_FORMAT = "dwarf-with-dsym";
				ENABLE_NS_ASSERTIONS = NO;
				ENABLE_STRICT_OBJC_MSGSEND = YES;
				ENABLE_USER_SCRIPT_SANDBOXING = YES;
				GCC_C_LANGUAGE_STANDARD = gnu17;
				GCC_NO_COMMON_BLOCKS = YES;
				GCC_WARN_64_TO_32_BIT_CONVERSION = YES;
				GCC_WARN_ABOUT_RETURN_TYPE = YES_ERROR;
				GCC_WARN_UNDECLARED_SELECTOR = YES;
				GCC_WARN_UNINITIALIZED_AUTOS = YES_AGGRESSIVE;
				GCC_WARN_UNUSED_FUNCTION = YES;
				GCC_WARN_UNUSED_VARIABLE = YES;
				IPHONEOS_DEPLOYMENT_TARGET = 17.5;
				LOCALIZATION_PREFERS_STRING_CATALOGS = YES;
				MTL_ENABLE_DEBUG_INFO = NO;
				MTL_FAST_MATH = YES;
				SDKROOT = iphoneos;
				SWIFT_COMPILATION_MODE = wholemodule;
				VALIDATE_PRODUCT = YES;
			};
			name = Release;
		};
		7403506B2C773E9C00122B2E /* Debug */ = {
			isa = XCBuildConfiguration;
			buildSettings = {
				ASSETCATALOG_COMPILER_APPICON_NAME = AppIcon;
				ASSETCATALOG_COMPILER_GLOBAL_ACCENT_COLOR_NAME = AccentColor;
				CODE_SIGN_STYLE = Automatic;
				CURRENT_PROJECT_VERSION = 1;
				GENERATE_INFOPLIST_FILE = YES;
				INFOPLIST_FILE = Smssme/Info.plist;
				INFOPLIST_KEY_UIApplicationSupportsIndirectInputEvents = YES;
				INFOPLIST_KEY_UILaunchStoryboardName = LaunchScreen;
				INFOPLIST_KEY_UISupportedInterfaceOrientations_iPad = "UIInterfaceOrientationPortrait UIInterfaceOrientationPortraitUpsideDown UIInterfaceOrientationLandscapeLeft UIInterfaceOrientationLandscapeRight";
				INFOPLIST_KEY_UISupportedInterfaceOrientations_iPhone = "UIInterfaceOrientationPortrait UIInterfaceOrientationLandscapeLeft UIInterfaceOrientationLandscapeRight";
				IPHONEOS_DEPLOYMENT_TARGET = 16.1;
				LD_RUNPATH_SEARCH_PATHS = (
					"$(inherited)",
					"@executable_path/Frameworks",
				);
				MARKETING_VERSION = 1.0;
				PRODUCT_BUNDLE_IDENTIFIER = com.smssme.Smssme;
				PRODUCT_NAME = "$(TARGET_NAME)";
				SWIFT_EMIT_LOC_STRINGS = YES;
				SWIFT_VERSION = 5.0;
				TARGETED_DEVICE_FAMILY = "1,2";
			};
			name = Debug;
		};
		7403506C2C773E9C00122B2E /* Release */ = {
			isa = XCBuildConfiguration;
			buildSettings = {
				ASSETCATALOG_COMPILER_APPICON_NAME = AppIcon;
				ASSETCATALOG_COMPILER_GLOBAL_ACCENT_COLOR_NAME = AccentColor;
				CODE_SIGN_STYLE = Automatic;
				CURRENT_PROJECT_VERSION = 1;
				GENERATE_INFOPLIST_FILE = YES;
				INFOPLIST_FILE = Smssme/Info.plist;
				INFOPLIST_KEY_UIApplicationSupportsIndirectInputEvents = YES;
				INFOPLIST_KEY_UILaunchStoryboardName = LaunchScreen;
				INFOPLIST_KEY_UISupportedInterfaceOrientations_iPad = "UIInterfaceOrientationPortrait UIInterfaceOrientationPortraitUpsideDown UIInterfaceOrientationLandscapeLeft UIInterfaceOrientationLandscapeRight";
				INFOPLIST_KEY_UISupportedInterfaceOrientations_iPhone = "UIInterfaceOrientationPortrait UIInterfaceOrientationLandscapeLeft UIInterfaceOrientationLandscapeRight";
				IPHONEOS_DEPLOYMENT_TARGET = 16.1;
				LD_RUNPATH_SEARCH_PATHS = (
					"$(inherited)",
					"@executable_path/Frameworks",
				);
				MARKETING_VERSION = 1.0;
				PRODUCT_BUNDLE_IDENTIFIER = com.smssme.Smssme;
				PRODUCT_NAME = "$(TARGET_NAME)";
				SWIFT_EMIT_LOC_STRINGS = YES;
				SWIFT_VERSION = 5.0;
				TARGETED_DEVICE_FAMILY = "1,2";
			};
			name = Release;
		};
/* End XCBuildConfiguration section */

/* Begin XCConfigurationList section */
		7403504E2C773E9B00122B2E /* Build configuration list for PBXProject "Smssme" */ = {
			isa = XCConfigurationList;
			buildConfigurations = (
				740350682C773E9C00122B2E /* Debug */,
				740350692C773E9C00122B2E /* Release */,
			);
			defaultConfigurationIsVisible = 0;
			defaultConfigurationName = Release;
		};
		7403506A2C773E9C00122B2E /* Build configuration list for PBXNativeTarget "Smssme" */ = {
			isa = XCConfigurationList;
			buildConfigurations = (
				7403506B2C773E9C00122B2E /* Debug */,
				7403506C2C773E9C00122B2E /* Release */,
			);
			defaultConfigurationIsVisible = 0;
			defaultConfigurationName = Release;
		};
/* End XCConfigurationList section */

/* Begin XCRemoteSwiftPackageReference section */
		5F3EAE482C7EF73400FF15E5 /* XCRemoteSwiftPackageReference "firebase-ios-sdk" */ = {
			isa = XCRemoteSwiftPackageReference;
			repositoryURL = "https://github.com/firebase/firebase-ios-sdk";
			requirement = {
				kind = upToNextMajorVersion;
				minimumVersion = 11.1.0;
			};
		};
		E5FBA1312C7CCCBE00D26E5F /* XCRemoteSwiftPackageReference "SnapKit" */ = {
			isa = XCRemoteSwiftPackageReference;
			repositoryURL = "https://github.com/SnapKit/SnapKit.git";
			requirement = {
				kind = upToNextMajorVersion;
				minimumVersion = 5.7.1;
			};
		};
/* End XCRemoteSwiftPackageReference section */

/* Begin XCSwiftPackageProductDependency section */
		5F3EAE492C7EF73500FF15E5 /* FirebaseAnalytics */ = {
			isa = XCSwiftPackageProductDependency;
			package = 5F3EAE482C7EF73400FF15E5 /* XCRemoteSwiftPackageReference "firebase-ios-sdk" */;
			productName = FirebaseAnalytics;
		};
		5F3EAE4B2C7EF73500FF15E5 /* FirebaseAuth */ = {
			isa = XCSwiftPackageProductDependency;
			package = 5F3EAE482C7EF73400FF15E5 /* XCRemoteSwiftPackageReference "firebase-ios-sdk" */;
			productName = FirebaseAuth;
		};
		5F3EAE4D2C7EF73500FF15E5 /* FirebaseFirestore */ = {
			isa = XCSwiftPackageProductDependency;
			package = 5F3EAE482C7EF73400FF15E5 /* XCRemoteSwiftPackageReference "firebase-ios-sdk" */;
			productName = FirebaseFirestore;
		};
		5F3EAE4F2C7EF73500FF15E5 /* FirebaseFunctions */ = {
			isa = XCSwiftPackageProductDependency;
			package = 5F3EAE482C7EF73400FF15E5 /* XCRemoteSwiftPackageReference "firebase-ios-sdk" */;
			productName = FirebaseFunctions;
		};
		5F3EAE512C7EF73500FF15E5 /* FirebaseStorage */ = {
			isa = XCSwiftPackageProductDependency;
			package = 5F3EAE482C7EF73400FF15E5 /* XCRemoteSwiftPackageReference "firebase-ios-sdk" */;
			productName = FirebaseStorage;
		};
		E5FBA1322C7CCCBE00D26E5F /* SnapKit */ = {
			isa = XCSwiftPackageProductDependency;
			package = E5FBA1312C7CCCBE00D26E5F /* XCRemoteSwiftPackageReference "SnapKit" */;
			productName = SnapKit;
		};
/* End XCSwiftPackageProductDependency section */

/* Begin XCVersionGroup section */
		7403505F2C773E9B00122B2E /* Smssme.xcdatamodeld */ = {
			isa = XCVersionGroup;
			children = (
				740350602C773E9B00122B2E /* Smssme.xcdatamodel */,
			);
			currentVersion = 740350602C773E9B00122B2E /* Smssme.xcdatamodel */;
			path = Smssme.xcdatamodeld;
			sourceTree = "<group>";
			versionGroupType = wrapper.xcdatamodel;
		};
/* End XCVersionGroup section */
	};
	rootObject = 7403504B2C773E9B00122B2E /* Project object */;
}
